
Microsoft Visual Studio Solution File, Format Version 12.00
# Visual Studio Version 16
VisualStudioVersion = 16.0.31205.134
MinimumVisualStudioVersion = 10.0.40219.1
Project("{FAE04EC0-301F-11D3-BF4B-00C04F79EFBC}") = "InventarioTI", "InventarioTI\InventarioTI.csproj", "{83FB8181-1ED7-45A8-8481-9A9CD6445362}"
EndProject
Global
	GlobalSection(SolutionConfigurationPlatforms) = preSolution
		Debug|Any CPU = Debug|Any CPU
		Release|Any CPU = Release|Any CPU
	EndGlobalSection
	GlobalSection(ProjectConfigurationPlatforms) = postSolution
		{83FB8181-1ED7-45A8-8481-9A9CD6445362}.Debug|Any CPU.ActiveCfg = Debug|Any CPU
		{83FB8181-1ED7-45A8-8481-9A9CD6445362}.Debug|Any CPU.Build.0 = Debug|Any CPU
		{83FB8181-1ED7-45A8-8481-9A9CD6445362}.Release|Any CPU.ActiveCfg = Release|Any CPU
		{83FB8181-1ED7-45A8-8481-9A9CD6445362}.Release|Any CPU.Build.0 = Release|Any CPU
	EndGlobalSection
	GlobalSection(SolutionProperties) = preSolution
		HideSolutionNode = FALSE
	EndGlobalSection
	GlobalSection(ExtensibilityGlobals) = postSolution
		SolutionGuid = {5C838D5D-8B21-44D5-9464-3CEF22D95912}
	EndGlobalSection
EndGlobal
